// !$*UTF8*$!
{
	archiveVersion = 1;
	classes = {
	};
	objectVersion = 50;
	objects = {

/* Begin PBXBuildFile section */
		01B4C64822B5D2FA007A821A /* AppDelegate.swift in Sources */ = {isa = PBXBuildFile; fileRef = 01B4C64722B5D2FA007A821A /* AppDelegate.swift */; };
		01B4C64A22B5D2FA007A821A /* SceneDelegate.swift in Sources */ = {isa = PBXBuildFile; fileRef = 01B4C64922B5D2FA007A821A /* SceneDelegate.swift */; };
		01B4C64C22B5D2FA007A821A /* ContentView.swift in Sources */ = {isa = PBXBuildFile; fileRef = 01B4C64B22B5D2FA007A821A /* ContentView.swift */; };
		01B4C64E22B5D2FC007A821A /* Assets.xcassets in Resources */ = {isa = PBXBuildFile; fileRef = 01B4C64D22B5D2FC007A821A /* Assets.xcassets */; };
		01B4C65122B5D2FC007A821A /* Preview Assets.xcassets in Resources */ = {isa = PBXBuildFile; fileRef = 01B4C65022B5D2FC007A821A /* Preview Assets.xcassets */; };
		01B4C65422B5D2FC007A821A /* LaunchScreen.storyboard in Resources */ = {isa = PBXBuildFile; fileRef = 01B4C65222B5D2FC007A821A /* LaunchScreen.storyboard */; };
/* End PBXBuildFile section */

/* Begin PBXFileReference section */
		01B4C64422B5D2FA007A821A /* swiftUIButton.app */ = {isa = PBXFileReference; explicitFileType = wrapper.application; includeInIndex = 0; path = swiftUIButton.app; sourceTree = BUILT_PRODUCTS_DIR; };
		01B4C64722B5D2FA007A821A /* AppDelegate.swift */ = {isa = PBXFileReference; lastKnownFileType = sourcecode.swift; path = AppDelegate.swift; sourceTree = "<group>"; };
		01B4C64922B5D2FA007A821A /* SceneDelegate.swift */ = {isa = PBXFileReference; lastKnownFileType = sourcecode.swift; path = SceneDelegate.swift; sourceTree = "<group>"; };
		01B4C64B22B5D2FA007A821A /* ContentView.swift */ = {isa = PBXFileReference; lastKnownFileType = sourcecode.swift; path = ContentView.swift; sourceTree = "<group>"; };
		01B4C64D22B5D2FC007A821A /* Assets.xcassets */ = {isa = PBXFileReference; lastKnownFileType = folder.assetcatalog; path = Assets.xcassets; sourceTree = "<group>"; };
		01B4C65022B5D2FC007A821A /* Preview Assets.xcassets */ = {isa = PBXFileReference; lastKnownFileType = folder.assetcatalog; path = "Preview Assets.xcassets"; sourceTree = "<group>"; };
		01B4C65322B5D2FC007A821A /* Base */ = {isa = PBXFileReference; lastKnownFileType = file.storyboard; name = Base; path = Base.lproj/LaunchScreen.storyboard; sourceTree = "<group>"; };
		01B4C65522B5D2FC007A821A /* Info.plist */ = {isa = PBXFileReference; lastKnownFileType = text.plist.xml; path = Info.plist; sourceTree = "<group>"; };
/* End PBXFileReference section */

/* Begin PBXFrameworksBuildPhase section */
		01B4C64122B5D2FA007A821A /* Frameworks */ = {
			isa = PBXFrameworksBuildPhase;
			buildActionMask = 2147483647;
			files = (
			);
			runOnlyForDeploymentPostprocessing = 0;
		};
/* End PBXFrameworksBuildPhase section */

/* Begin PBXGroup section */
		01B4C63B22B5D2FA007A821A = {
			isa = PBXGroup;
			children = (
				01B4C64622B5D2FA007A821A /* swiftUIButton */,
				01B4C64522B5D2FA007A821A /* Products */,
			);
			sourceTree = "<group>";
		};
		01B4C64522B5D2FA007A821A /* Products */ = {
			isa = PBXGroup;
			children = (
				01B4C64422B5D2FA007A821A /* swiftUIButton.app */,
			);
			name = Products;
			sourceTree = "<group>";
		};
		01B4C64622B5D2FA007A821A /* swiftUIButton */ = {
			isa = PBXGroup;
			children = (
				01B4C64722B5D2FA007A821A /* AppDelegate.swift */,
				01B4C64922B5D2FA007A821A /* SceneDelegate.swift */,
				01B4C64B22B5D2FA007A821A /* ContentView.swift */,
				01B4C64D22B5D2FC007A821A /* Assets.xcassets */,
				01B4C65222B5D2FC007A821A /* LaunchScreen.storyboard */,
				01B4C65522B5D2FC007A821A /* Info.plist */,
				01B4C64F22B5D2FC007A821A /* Preview Content */,
			);
			path = swiftUIButton;
			sourceTree = "<group>";
		};
		01B4C64F22B5D2FC007A821A /* Preview Content */ = {
			isa = PBXGroup;
			children = (
				01B4C65022B5D2FC007A821A /* Preview Assets.xcassets */,
			);
			path = "Preview Content";
			sourceTree = "<group>";
		};
/* End PBXGroup section */

/* Begin PBXNativeTarget section */
		01B4C64322B5D2FA007A821A /* swiftUIButton */ = {
			isa = PBXNativeTarget;
			buildConfigurationList = 01B4C65822B5D2FC007A821A /* Build configuration list for PBXNativeTarget "swiftUIButton" */;
			buildPhases = (
				01B4C64022B5D2FA007A821A /* Sources */,
				01B4C64122B5D2FA007A821A /* Frameworks */,
				01B4C64222B5D2FA007A821A /* Resources */,
			);
			buildRules = (
			);
			dependencies = (
			);
			name = swiftUIButton;
			productName = swiftUIButton;
			productReference = 01B4C64422B5D2FA007A821A /* swiftUIButton.app */;
			productType = "com.apple.product-type.application";
		};
/* End PBXNativeTarget section */

/* Begin PBXProject section */
		01B4C63C22B5D2FA007A821A /* Project object */ = {
			isa = PBXProject;
			attributes = {
				LastSwiftUpdateCheck = 1100;
				LastUpgradeCheck = 1100;
				ORGANIZATIONNAME = Nick;
				TargetAttributes = {
					01B4C64322B5D2FA007A821A = {
						CreatedOnToolsVersion = 11.0;
					};
				};
			};
			buildConfigurationList = 01B4C63F22B5D2FA007A821A /* Build configuration list for PBXProject "swiftUIButton" */;
			compatibilityVersion = "Xcode 9.3";
			developmentRegion = en;
			hasScannedForEncodings = 0;
			knownRegions = (
				en,
				Base,
			);
			mainGroup = 01B4C63B22B5D2FA007A821A;
			productRefGroup = 01B4C64522B5D2FA007A821A /* Products */;
			projectDirPath = "";
			projectRoot = "";
			targets = (
				01B4C64322B5D2FA007A821A /* swiftUIButton */,
			);
		};
/* End PBXProject section */

/* Begin PBXResourcesBuildPhase section */
		01B4C64222B5D2FA007A821A /* Resources */ = {
			isa = PBXResourcesBuildPhase;
			buildActionMask = 2147483647;
			files = (
				01B4C65422B5D2FC007A821A /* LaunchScreen.storyboard in Resources */,
				01B4C65122B5D2FC007A821A /* Preview Assets.xcassets in Resources */,
				01B4C64E22B5D2FC007A821A /* Assets.xcassets in Resources */,
			);
			runOnlyForDeploymentPostprocessing = 0;
		};
/* End PBXResourcesBuildPhase section */

/* Begin PBXSourcesBuildPhase section */
		01B4C64022B5D2FA007A821A /* Sources */ = {
			isa = PBXSourcesBuildPhase;
			buildActionMask = 2147483647;
			files = (
				01B4C64822B5D2FA007A821A /* AppDelegate.swift in Sources */,
				01B4C64A22B5D2FA007A821A /* SceneDelegate.swift in Sources */,
				01B4C64C22B5D2FA007A821A /* ContentView.swift in Sources */,
			);
			runOnlyForDeploymentPostprocessing = 0;
		};
/* End PBXSourcesBuildPhase section */

/* Begin PBXVariantGroup section */
		01B4C65222B5D2FC007A821A /* LaunchScreen.storyboard */ = {
			isa = PBXVariantGroup;
			children = (
				01B4C65322B5D2FC007A821A /* Base */,
			);
			name = LaunchScreen.storyboard;
			sourceTree = "<group>";
		};
/* End PBXVariantGroup section */

/* Begin XCBuildConfiguration section */
		01B4C65622B5D2FC007A821A /* Debug */ = {
			isa = XCBuildConfiguration;
			buildSettings = {
				ALWAYS_SEARCH_USER_PATHS = NO;
				CLANG_ANALYZER_NONNULL = YES;
				CLANG_ANALYZER_NUMBER_OBJECT_CONVERSION = YES_AGGRESSIVE;
				CLANG_CXX_LANGUAGE_STANDARD = "gnu++14";
				CLANG_CXX_LIBRARY = "libc++";
				CLANG_ENABLE_MODULES = YES;
				CLANG_ENABLE_OBJC_ARC = YES;
				CLANG_ENABLE_OBJC_WEAK = YES;
				CLANG_WARN_BLOCK_CAPTURE_AUTORELEASING = YES;
				CLANG_WARN_BOOL_CONVERSION = YES;
				CLANG_WARN_COMMA = YES;
				CLANG_WARN_CONSTANT_CONVERSION = YES;
				CLANG_WARN_DEPRECATED_OBJC_IMPLEMENTATIONS = YES;
				CLANG_WARN_DIRECT_OBJC_ISA_USAGE = YES_ERROR;
				CLANG_WARN_DOCUMENTATION_COMMENTS = YES;
				CLANG_WARN_EMPTY_BODY = YES;
				CLANG_WARN_ENUM_CONVERSION = YES;
				CLANG_WARN_INFINITE_RECURSION = YES;
				CLANG_WARN_INT_CONVERSION = YES;
				CLANG_WARN_NON_LITERAL_NULL_CONVERSION = YES;
				CLANG_WARN_OBJC_IMPLICIT_RETAIN_SELF = YES;
				CLANG_WARN_OBJC_LITERAL_CONVERSION = YES;
				CLANG_WARN_OBJC_ROOT_CLASS = YES_ERROR;
				CLANG_WARN_RANGE_LOOP_ANALYSIS = YES;
				CLANG_WARN_STRICT_PROTOTYPES = YES;
				CLANG_WARN_SUSPICIOUS_MOVE = YES;
				CLANG_WARN_UNGUARDED_AVAILABILITY = YES_AGGRESSIVE;
				CLANG_WARN_UNREACHABLE_CODE = YES;
				CLANG_WARN__DUPLICATE_METHOD_MATCH = YES;
				COPY_PHASE_STRIP = NO;
				DEBUG_INFORMATION_FORMAT = dwarf;
				ENABLE_STRICT_OBJC_MSGSEND = YES;
				ENABLE_TESTABILITY = YES;
				GCC_C_LANGUAGE_STANDARD = gnu11;
				GCC_DYNAMIC_NO_PIC = NO;
				GCC_NO_COMMON_BLOCKS = YES;
				GCC_OPTIMIZATION_LEVEL = 0;
				GCC_PREPROCESSOR_DEFINITIONS = (
					"DEBUG=1",
					"$(inherited)",
				);
				GCC_WARN_64_TO_32_BIT_CONVERSION = YES;
				GCC_WARN_ABOUT_RETURN_TYPE = YES_ERROR;
				GCC_WARN_UNDECLARED_SELECTOR = YES;
				GCC_WARN_UNINITIALIZED_AUTOS = YES_AGGRESSIVE;
				GCC_WARN_UNUSED_FUNCTION = YES;
				GCC_WARN_UNUSED_VARIABLE = YES;
				IPHONEOS_DEPLOYMENT_TARGET = 13.0;
				MTL_ENABLE_DEBUG_INFO = INCLUDE_SOURCE;
				MTL_FAST_MATH = YES;
				ONLY_ACTIVE_ARCH = YES;
				SDKROOT = iphoneos;
				SWIFT_ACTIVE_COMPILATION_CONDITIONS = DEBUG;
				SWIFT_OPTIMIZATION_LEVEL = "-Onone";
			};
			name = Debug;
		};
		01B4C65722B5D2FC007A821A /* Release */ = {
			isa = XCBuildConfiguration;
			buildSettings = {
				ALWAYS_SEARCH_USER_PATHS = NO;
				CLANG_ANALYZER_NONNULL = YES;
				CLANG_ANALYZER_NUMBER_OBJECT_CONVERSION = YES_AGGRESSIVE;
				CLANG_CXX_LANGUAGE_STANDARD = "gnu++14";
				CLANG_CXX_LIBRARY = "libc++";
				CLANG_ENABLE_MODULES = YES;
				CLANG_ENABLE_OBJC_ARC = YES;
				CLANG_ENABLE_OBJC_WEAK = YES;
				CLANG_WARN_BLOCK_CAPTURE_AUTORELEASING = YES;
				CLANG_WARN_BOOL_CONVERSION = YES;
				CLANG_WARN_COMMA = YES;
				CLANG_WARN_CONSTANT_CONVERSION = YES;
				CLANG_WARN_DEPRECATED_OBJC_IMPLEMENTATIONS = YES;
				CLANG_WARN_DIRECT_OBJC_ISA_USAGE = YES_ERROR;
				CLANG_WARN_DOCUMENTATION_COMMENTS = YES;
				CLANG_WARN_EMPTY_BODY = YES;
				CLANG_WARN_ENUM_CONVERSION = YES;
				CLANG_WARN_INFINITE_RECURSION = YES;
				CLANG_WARN_INT_CONVERSION = YES;
				CLANG_WARN_NON_LITERAL_NULL_CONVERSION = YES;
				CLANG_WARN_OBJC_IMPLICIT_RETAIN_SELF = YES;
				CLANG_WARN_OBJC_LITERAL_CONVERSION = YES;
				CLANG_WARN_OBJC_ROOT_CLASS = YES_ERROR;
				CLANG_WARN_RANGE_LOOP_ANALYSIS = YES;
				CLANG_WARN_STRICT_PROTOTYPES = YES;
				CLANG_WARN_SUSPICIOUS_MOVE = YES;
				CLANG_WARN_UNGUARDED_AVAILABILITY = YES_AGGRESSIVE;
				CLANG_WARN_UNREACHABLE_CODE = YES;
				CLANG_WARN__DUPLICATE_METHOD_MATCH = YES;
				COPY_PHASE_STRIP = NO;
				DEBUG_INFORMATION_FORMAT = "dwarf-with-dsym";
				ENABLE_NS_ASSERTIONS = NO;
				ENABLE_STRICT_OBJC_MSGSEND = YES;
				GCC_C_LANGUAGE_STANDARD = gnu11;
				GCC_NO_COMMON_BLOCKS = YES;
				GCC_WARN_64_TO_32_BIT_CONVERSION = YES;
				GCC_WARN_ABOUT_RETURN_TYPE = YES_ERROR;
				GCC_WARN_UNDECLARED_SELECTOR = YES;
				GCC_WARN_UNINITIALIZED_AUTOS = YES_AGGRESSIVE;
				GCC_WARN_UNUSED_FUNCTION = YES;
				GCC_WARN_UNUSED_VARIABLE = YES;
				IPHONEOS_DEPLOYMENT_TARGET = 13.0;
				MTL_ENABLE_DEBUG_INFO = NO;
				MTL_FAST_MATH = YES;
				SDKROOT = iphoneos;
				SWIFT_COMPILATION_MODE = wholemodule;
				SWIFT_OPTIMIZATION_LEVEL = "-O";
				VALIDATE_PRODUCT = YES;
			};
			name = Release;
		};
		01B4C65922B5D2FC007A821A /* Debug */ = {
			isa = XCBuildConfiguration;
			buildSettings = {
				ASSETCATALOG_COMPILER_APPICON_NAME = AppIcon;
				CODE_SIGN_STYLE = Automatic;
				DEVELOPMENT_ASSET_PATHS = "swiftUIButton/Preview\\ Content";
				DEVELOPMENT_TEAM = U7J77R4NH6;
				ENABLE_PREVIEWS = YES;
				INFOPLIST_FILE = swiftUIButton/Info.plist;
				LD_RUNPATH_SEARCH_PATHS = (
					"$(inherited)",
					"@executable_path/Frameworks",
				);
				PRODUCT_BUNDLE_IDENTIFIER = com.cn.nick.swiftUIButton;
				PRODUCT_NAME = "$(TARGET_NAME)";
				SWIFT_VERSION = 5.0;
				TARGETED_DEVICE_FAMILY = "1,2";
			};
			name = Debug;
		};
		01B4C65A22B5D2FC007A821A /* Release */ = {
			isa = XCBuildConfiguration;
			buildSettings = {
				ASSETCATALOG_COMPILER_APPICON_NAME = AppIcon;
				CODE_SIGN_STYLE = Automatic;
				DEVELOPMENT_ASSET_PATHS = "swiftUIButton/Preview\\ Content";
				DEVELOPMENT_TEAM = U7J77R4NH6;
				ENABLE_PREVIEWS = YES;
				INFOPLIST_FILE = swiftUIButton/Info.plist;
				LD_RUNPATH_SEARCH_PATHS = (
					"$(inherited)",
					"@executable_path/Frameworks",
				);
				PRODUCT_BUNDLE_IDENTIFIER = com.cn.nick.swiftUIButton;
				PRODUCT_NAME = "$(TARGET_NAME)";
				SWIFT_VERSION = 5.0;
				TARGETED_DEVICE_FAMILY = "1,2";
			};
			name = Release;
		};
/* End XCBuildConfiguration section */

/* Begin XCConfigurationList section */
		01B4C63F22B5D2FA007A821A /* Build configuration list for PBXProject "swiftUIButton" */ = {
			isa = XCConfigurationList;
			buildConfigurations = (
				01B4C65622B5D2FC007A821A /* Debug */,
				01B4C65722B5D2FC007A821A /* Release */,
			);
			defaultConfigurationIsVisible = 0;
			defaultConfigurationName = Release;
		};
		01B4C65822B5D2FC007A821A /* Build configuration list for PBXNativeTarget "swiftUIButton" */ = {
			isa = XCConfigurationList;
			buildConfigurations = (
				01B4C65922B5D2FC007A821A /* Debug */,
				01B4C65A22B5D2FC007A821A /* Release */,
			);
			defaultConfigurationIsVisible = 0;
			defaultConfigurationName = Release;
		};
/* End XCConfigurationList section */
	};
	rootObject = 01B4C63C22B5D2FA007A821A /* Project object */;
}
